// !$*UTF8*$!
{
	archiveVersion = 1;
	classes = {
	};
	objectVersion = 50;
	objects = {

/* Begin PBXBuildFile section */
		7F259F35226E3097008F5FA3 /* AppDelegate.swift in Sources */ = {isa = PBXBuildFile; fileRef = 7F259F34226E3097008F5FA3 /* AppDelegate.swift */; };
		7F259F37226E3097008F5FA3 /* ViewController.swift in Sources */ = {isa = PBXBuildFile; fileRef = 7F259F36226E3097008F5FA3 /* ViewController.swift */; };
		7F259F3C226E3098008F5FA3 /* Assets.xcassets in Resources */ = {isa = PBXBuildFile; fileRef = 7F259F3B226E3098008F5FA3 /* Assets.xcassets */; };
		7F259F3F226E3098008F5FA3 /* LaunchScreen.storyboard in Resources */ = {isa = PBXBuildFile; fileRef = 7F259F3D226E3098008F5FA3 /* LaunchScreen.storyboard */; };
		7F259F4E226F003D008F5FA3 /* Extras.swift in Sources */ = {isa = PBXBuildFile; fileRef = 7F259F4D226F003D008F5FA3 /* Extras.swift */; };
		7F259F50226F0108008F5FA3 /* CurrentWeather.swift in Sources */ = {isa = PBXBuildFile; fileRef = 7F259F4F226F0108008F5FA3 /* CurrentWeather.swift */; };
		7F259F53226F47F1008F5FA3 /* Main.storyboard in Resources */ = {isa = PBXBuildFile; fileRef = 7F259F51226F47F1008F5FA3 /* Main.storyboard */; };
		7F259F552270B6AE008F5FA3 /* Networking.swift in Sources */ = {isa = PBXBuildFile; fileRef = 7F259F542270B6AE008F5FA3 /* Networking.swift */; };
		7F259F572271FA1D008F5FA3 /* ForecastCell.swift in Sources */ = {isa = PBXBuildFile; fileRef = 7F259F562271FA1D008F5FA3 /* ForecastCell.swift */; };
/* End PBXBuildFile section */

/* Begin PBXFileReference section */
		7F259F31226E3097008F5FA3 /* simple-weather.app */ = {isa = PBXFileReference; explicitFileType = wrapper.application; includeInIndex = 0; path = "simple-weather.app"; sourceTree = BUILT_PRODUCTS_DIR; };
		7F259F34226E3097008F5FA3 /* AppDelegate.swift */ = {isa = PBXFileReference; lastKnownFileType = sourcecode.swift; path = AppDelegate.swift; sourceTree = "<group>"; };
		7F259F36226E3097008F5FA3 /* ViewController.swift */ = {isa = PBXFileReference; lastKnownFileType = sourcecode.swift; path = ViewController.swift; sourceTree = "<group>"; };
		7F259F3B226E3098008F5FA3 /* Assets.xcassets */ = {isa = PBXFileReference; lastKnownFileType = folder.assetcatalog; path = Assets.xcassets; sourceTree = "<group>"; };
		7F259F3E226E3098008F5FA3 /* Base */ = {isa = PBXFileReference; lastKnownFileType = file.storyboard; name = Base; path = Base.lproj/LaunchScreen.storyboard; sourceTree = "<group>"; };
		7F259F40226E3098008F5FA3 /* Info.plist */ = {isa = PBXFileReference; lastKnownFileType = text.plist.xml; path = Info.plist; sourceTree = "<group>"; };
		7F259F4D226F003D008F5FA3 /* Extras.swift */ = {isa = PBXFileReference; lastKnownFileType = sourcecode.swift; path = Extras.swift; sourceTree = "<group>"; };
		7F259F4F226F0108008F5FA3 /* CurrentWeather.swift */ = {isa = PBXFileReference; lastKnownFileType = sourcecode.swift; path = CurrentWeather.swift; sourceTree = "<group>"; };
		7F259F52226F47F1008F5FA3 /* Base */ = {isa = PBXFileReference; lastKnownFileType = file.storyboard; name = Base; path = Base.lproj/Main.storyboard; sourceTree = "<group>"; };
		7F259F542270B6AE008F5FA3 /* Networking.swift */ = {isa = PBXFileReference; lastKnownFileType = sourcecode.swift; path = Networking.swift; sourceTree = "<group>"; };
		7F259F562271FA1D008F5FA3 /* ForecastCell.swift */ = {isa = PBXFileReference; lastKnownFileType = sourcecode.swift; path = ForecastCell.swift; sourceTree = "<group>"; };
/* End PBXFileReference section */

/* Begin PBXFrameworksBuildPhase section */
		7F259F2E226E3097008F5FA3 /* Frameworks */ = {
			isa = PBXFrameworksBuildPhase;
			buildActionMask = 2147483647;
			files = (
			);
			runOnlyForDeploymentPostprocessing = 0;
		};
/* End PBXFrameworksBuildPhase section */

/* Begin PBXGroup section */
		7F259F28226E3097008F5FA3 = {
			isa = PBXGroup;
			children = (
				7F259F33226E3097008F5FA3 /* simple-weather */,
				7F259F32226E3097008F5FA3 /* Products */,
			);
			sourceTree = "<group>";
		};
		7F259F32226E3097008F5FA3 /* Products */ = {
			isa = PBXGroup;
			children = (
				7F259F31226E3097008F5FA3 /* simple-weather.app */,
			);
			name = Products;
			sourceTree = "<group>";
		};
		7F259F33226E3097008F5FA3 /* simple-weather */ = {
			isa = PBXGroup;
			children = (
				7F259F4C226F0020008F5FA3 /* Extras */,
				7F259F4B226F0013008F5FA3 /* Extensions */,
				7F259F48226EE8DC008F5FA3 /* Model */,
				7F259F47226EE8D4008F5FA3 /* View */,
				7F259F46226EE8B0008F5FA3 /* Controller */,
				7F259F34226E3097008F5FA3 /* AppDelegate.swift */,
				7F259F542270B6AE008F5FA3 /* Networking.swift */,
				7F259F51226F47F1008F5FA3 /* Main.storyboard */,
				7F259F3B226E3098008F5FA3 /* Assets.xcassets */,
				7F259F3D226E3098008F5FA3 /* LaunchScreen.storyboard */,
				7F259F40226E3098008F5FA3 /* Info.plist */,
			);
			path = "simple-weather";
			sourceTree = "<group>";
		};
		7F259F46226EE8B0008F5FA3 /* Controller */ = {
			isa = PBXGroup;
			children = (
				7F259F36226E3097008F5FA3 /* ViewController.swift */,
			);
			path = Controller;
			sourceTree = "<group>";
		};
		7F259F47226EE8D4008F5FA3 /* View */ = {
			isa = PBXGroup;
			children = (
				7F259F562271FA1D008F5FA3 /* ForecastCell.swift */,
			);
			path = View;
			sourceTree = "<group>";
		};
		7F259F48226EE8DC008F5FA3 /* Model */ = {
			isa = PBXGroup;
			children = (
				7F259F4F226F0108008F5FA3 /* CurrentWeather.swift */,
			);
			path = Model;
			sourceTree = "<group>";
		};
		7F259F4B226F0013008F5FA3 /* Extensions */ = {
			isa = PBXGroup;
			children = (
			);
			path = Extensions;
			sourceTree = "<group>";
		};
		7F259F4C226F0020008F5FA3 /* Extras */ = {
			isa = PBXGroup;
			children = (
				7F259F4D226F003D008F5FA3 /* Extras.swift */,
			);
			path = Extras;
			sourceTree = "<group>";
		};
/* End PBXGroup section */

/* Begin PBXNativeTarget section */
		7F259F30226E3097008F5FA3 /* simple-weather */ = {
			isa = PBXNativeTarget;
			buildConfigurationList = 7F259F43226E3098008F5FA3 /* Build configuration list for PBXNativeTarget "simple-weather" */;
			buildPhases = (
				7F259F2D226E3097008F5FA3 /* Sources */,
				7F259F2E226E3097008F5FA3 /* Frameworks */,
				7F259F2F226E3097008F5FA3 /* Resources */,
			);
			buildRules = (
			);
			dependencies = (
			);
			name = "simple-weather";
			productName = "simple-weather";
			productReference = 7F259F31226E3097008F5FA3 /* simple-weather.app */;
			productType = "com.apple.product-type.application";
		};
/* End PBXNativeTarget section */

/* Begin PBXProject section */
		7F259F29226E3097008F5FA3 /* Project object */ = {
			isa = PBXProject;
			attributes = {
				LastSwiftUpdateCheck = 1020;
				LastUpgradeCheck = 1020;
				ORGANIZATIONNAME = egmars.janis.timma;
				TargetAttributes = {
					7F259F30226E3097008F5FA3 = {
						CreatedOnToolsVersion = 10.2;
					};
				};
			};
			buildConfigurationList = 7F259F2C226E3097008F5FA3 /* Build configuration list for PBXProject "simple-weather" */;
			compatibilityVersion = "Xcode 9.3";
			developmentRegion = en;
			hasScannedForEncodings = 0;
			knownRegions = (
				en,
				Base,
			);
			mainGroup = 7F259F28226E3097008F5FA3;
			productRefGroup = 7F259F32226E3097008F5FA3 /* Products */;
			projectDirPath = "";
			projectRoot = "";
			targets = (
				7F259F30226E3097008F5FA3 /* simple-weather */,
			);
		};
/* End PBXProject section */

/* Begin PBXResourcesBuildPhase section */
		7F259F2F226E3097008F5FA3 /* Resources */ = {
			isa = PBXResourcesBuildPhase;
			buildActionMask = 2147483647;
			files = (
				7F259F53226F47F1008F5FA3 /* Main.storyboard in Resources */,
				7F259F3F226E3098008F5FA3 /* LaunchScreen.storyboard in Resources */,
				7F259F3C226E3098008F5FA3 /* Assets.xcassets in Resources */,
			);
			runOnlyForDeploymentPostprocessing = 0;
		};
/* End PBXResourcesBuildPhase section */

/* Begin PBXSourcesBuildPhase section */
		7F259F2D226E3097008F5FA3 /* Sources */ = {
			isa = PBXSourcesBuildPhase;
			buildActionMask = 2147483647;
			files = (
				7F259F50226F0108008F5FA3 /* CurrentWeather.swift in Sources */,
				7F259F37226E3097008F5FA3 /* ViewController.swift in Sources */,
				7F259F552270B6AE008F5FA3 /* Networking.swift in Sources */,
				7F259F4E226F003D008F5FA3 /* Extras.swift in Sources */,
				7F259F572271FA1D008F5FA3 /* ForecastCell.swift in Sources */,
				7F259F35226E3097008F5FA3 /* AppDelegate.swift in Sources */,
			);
			runOnlyForDeploymentPostprocessing = 0;
		};
/* End PBXSourcesBuildPhase section */

/* Begin PBXVariantGroup section */
		7F259F3D226E3098008F5FA3 /* LaunchScreen.storyboard */ = {
			isa = PBXVariantGroup;
			children = (
				7F259F3E226E3098008F5FA3 /* Base */,
			);
			name = LaunchScreen.storyboard;
			sourceTree = "<group>";
		};
		7F259F51226F47F1008F5FA3 /* Main.storyboard */ = {
			isa = PBXVariantGroup;
			children = (
				7F259F52226F47F1008F5FA3 /* Base */,
			);
			name = Main.storyboard;
			sourceTree = "<group>";
		};
/* End PBXVariantGroup section */

/* Begin XCBuildConfiguration section */
		7F259F41226E3098008F5FA3 /* Debug */ = {
			isa = XCBuildConfiguration;
			buildSettings = {
				ALWAYS_SEARCH_USER_PATHS = NO;
				CLANG_ANALYZER_NONNULL = YES;
				CLANG_ANALYZER_NUMBER_OBJECT_CONVERSION = YES_AGGRESSIVE;
				CLANG_CXX_LANGUAGE_STANDARD = "gnu++14";
				CLANG_CXX_LIBRARY = "libc++";
				CLANG_ENABLE_MODULES = YES;
				CLANG_ENABLE_OBJC_ARC = YES;
				CLANG_ENABLE_OBJC_WEAK = YES;
				CLANG_WARN_BLOCK_CAPTURE_AUTORELEASING = YES;
				CLANG_WARN_BOOL_CONVERSION = YES;
				CLANG_WARN_COMMA = YES;
				CLANG_WARN_CONSTANT_CONVERSION = YES;
				CLANG_WARN_DEPRECATED_OBJC_IMPLEMENTATIONS = YES;
				CLANG_WARN_DIRECT_OBJC_ISA_USAGE = YES_ERROR;
				CLANG_WARN_DOCUMENTATION_COMMENTS = YES;
				CLANG_WARN_EMPTY_BODY = YES;
				CLANG_WARN_ENUM_CONVERSION = YES;
				CLANG_WARN_INFINITE_RECURSION = YES;
				CLANG_WARN_INT_CONVERSION = YES;
				CLANG_WARN_NON_LITERAL_NULL_CONVERSION = YES;
				CLANG_WARN_OBJC_IMPLICIT_RETAIN_SELF = YES;
				CLANG_WARN_OBJC_LITERAL_CONVERSION = YES;
				CLANG_WARN_OBJC_ROOT_CLASS = YES_ERROR;
				CLANG_WARN_RANGE_LOOP_ANALYSIS = YES;
				CLANG_WARN_STRICT_PROTOTYPES = YES;
				CLANG_WARN_SUSPICIOUS_MOVE = YES;
				CLANG_WARN_UNGUARDED_AVAILABILITY = YES_AGGRESSIVE;
				CLANG_WARN_UNREACHABLE_CODE = YES;
				CLANG_WARN__DUPLICATE_METHOD_MATCH = YES;
				CODE_SIGN_IDENTITY = "iPhone Developer";
				COPY_PHASE_STRIP = NO;
				DEBUG_INFORMATION_FORMAT = dwarf;
				ENABLE_STRICT_OBJC_MSGSEND = YES;
				ENABLE_TESTABILITY = YES;
				GCC_C_LANGUAGE_STANDARD = gnu11;
				GCC_DYNAMIC_NO_PIC = NO;
				GCC_NO_COMMON_BLOCKS = YES;
				GCC_OPTIMIZATION_LEVEL = 0;
				GCC_PREPROCESSOR_DEFINITIONS = (
					"DEBUG=1",
					"$(inherited)",
				);
				GCC_WARN_64_TO_32_BIT_CONVERSION = YES;
				GCC_WARN_ABOUT_RETURN_TYPE = YES_ERROR;
				GCC_WARN_UNDECLARED_SELECTOR = YES;
				GCC_WARN_UNINITIALIZED_AUTOS = YES_AGGRESSIVE;
				GCC_WARN_UNUSED_FUNCTION = YES;
				GCC_WARN_UNUSED_VARIABLE = YES;
				IPHONEOS_DEPLOYMENT_TARGET = 12.2;
				MTL_ENABLE_DEBUG_INFO = INCLUDE_SOURCE;
				MTL_FAST_MATH = YES;
				ONLY_ACTIVE_ARCH = YES;
				SDKROOT = iphoneos;
				SWIFT_ACTIVE_COMPILATION_CONDITIONS = DEBUG;
				SWIFT_OPTIMIZATION_LEVEL = "-Onone";
			};
			name = Debug;
		};
		7F259F42226E3098008F5FA3 /* Release */ = {
			isa = XCBuildConfiguration;
			buildSettings = {
				ALWAYS_SEARCH_USER_PATHS = NO;
				CLANG_ANALYZER_NONNULL = YES;
				CLANG_ANALYZER_NUMBER_OBJECT_CONVERSION = YES_AGGRESSIVE;
				CLANG_CXX_LANGUAGE_STANDARD = "gnu++14";
				CLANG_CXX_LIBRARY = "libc++";
				CLANG_ENABLE_MODULES = YES;
				CLANG_ENABLE_OBJC_ARC = YES;
				CLANG_ENABLE_OBJC_WEAK = YES;
				CLANG_WARN_BLOCK_CAPTURE_AUTORELEASING = YES;
				CLANG_WARN_BOOL_CONVERSION = YES;
				CLANG_WARN_COMMA = YES;
				CLANG_WARN_CONSTANT_CONVERSION = YES;
				CLANG_WARN_DEPRECATED_OBJC_IMPLEMENTATIONS = YES;
				CLANG_WARN_DIRECT_OBJC_ISA_USAGE = YES_ERROR;
				CLANG_WARN_DOCUMENTATION_COMMENTS = YES;
				CLANG_WARN_EMPTY_BODY = YES;
				CLANG_WARN_ENUM_CONVERSION = YES;
				CLANG_WARN_INFINITE_RECURSION = YES;
				CLANG_WARN_INT_CONVERSION = YES;
				CLANG_WARN_NON_LITERAL_NULL_CONVERSION = YES;
				CLANG_WARN_OBJC_IMPLICIT_RETAIN_SELF = YES;
				CLANG_WARN_OBJC_LITERAL_CONVERSION = YES;
				CLANG_WARN_OBJC_ROOT_CLASS = YES_ERROR;
				CLANG_WARN_RANGE_LOOP_ANALYSIS = YES;
				CLANG_WARN_STRICT_PROTOTYPES = YES;
				CLANG_WARN_SUSPICIOUS_MOVE = YES;
				CLANG_WARN_UNGUARDED_AVAILABILITY = YES_AGGRESSIVE;
				CLANG_WARN_UNREACHABLE_CODE = YES;
				CLANG_WARN__DUPLICATE_METHOD_MATCH = YES;
				CODE_SIGN_IDENTITY = "iPhone Developer";
				COPY_PHASE_STRIP = NO;
				DEBUG_INFORMATION_FORMAT = "dwarf-with-dsym";
				ENABLE_NS_ASSERTIONS = NO;
				ENABLE_STRICT_OBJC_MSGSEND = YES;
				GCC_C_LANGUAGE_STANDARD = gnu11;
				GCC_NO_COMMON_BLOCKS = YES;
				GCC_WARN_64_TO_32_BIT_CONVERSION = YES;
				GCC_WARN_ABOUT_RETURN_TYPE = YES_ERROR;
				GCC_WARN_UNDECLARED_SELECTOR = YES;
				GCC_WARN_UNINITIALIZED_AUTOS = YES_AGGRESSIVE;
				GCC_WARN_UNUSED_FUNCTION = YES;
				GCC_WARN_UNUSED_VARIABLE = YES;
				IPHONEOS_DEPLOYMENT_TARGET = 12.2;
				MTL_ENABLE_DEBUG_INFO = NO;
				MTL_FAST_MATH = YES;
				SDKROOT = iphoneos;
				SWIFT_COMPILATION_MODE = wholemodule;
				SWIFT_OPTIMIZATION_LEVEL = "-O";
				VALIDATE_PRODUCT = YES;
			};
			name = Release;
		};
		7F259F44226E3098008F5FA3 /* Debug */ = {
			isa = XCBuildConfiguration;
			buildSettings = {
				ASSETCATALOG_COMPILER_APPICON_NAME = AppIcon;
				CODE_SIGN_STYLE = Automatic;
				DEVELOPMENT_TEAM = 8G335N56Z9;
				INFOPLIST_FILE = "simple-weather/Info.plist";
				LD_RUNPATH_SEARCH_PATHS = (
					"$(inherited)",
					"@executable_path/Frameworks",
				);
				PRODUCT_BUNDLE_IDENTIFIER = "accenture.simple-weather";
				PRODUCT_NAME = "$(TARGET_NAME)";
				SWIFT_VERSION = 5.0;
				TARGETED_DEVICE_FAMILY = "1,2";
			};
			name = Debug;
		};
		7F259F45226E3098008F5FA3 /* Release */ = {
			isa = XCBuildConfiguration;
			buildSettings = {
				ASSETCATALOG_COMPILER_APPICON_NAME = AppIcon;
				CODE_SIGN_STYLE = Automatic;
				DEVELOPMENT_TEAM = 8G335N56Z9;
				INFOPLIST_FILE = "simple-weather/Info.plist";
				LD_RUNPATH_SEARCH_PATHS = (
					"$(inherited)",
					"@executable_path/Frameworks",
				);
				PRODUCT_BUNDLE_IDENTIFIER = "accenture.simple-weather";
				PRODUCT_NAME = "$(TARGET_NAME)";
				SWIFT_VERSION = 5.0;
				TARGETED_DEVICE_FAMILY = "1,2";
			};
			name = Release;
		};
/* End XCBuildConfiguration section */

/* Begin XCConfigurationList section */
		7F259F2C226E3097008F5FA3 /* Build configuration list for PBXProject "simple-weather" */ = {
			isa = XCConfigurationList;
			buildConfigurations = (
				7F259F41226E3098008F5FA3 /* Debug */,
				7F259F42226E3098008F5FA3 /* Release */,
			);
			defaultConfigurationIsVisible = 0;
			defaultConfigurationName = Release;
		};
		7F259F43226E3098008F5FA3 /* Build configuration list for PBXNativeTarget "simple-weather" */ = {
			isa = XCConfigurationList;
			buildConfigurations = (
				7F259F44226E3098008F5FA3 /* Debug */,
				7F259F45226E3098008F5FA3 /* Release */,
			);
			defaultConfigurationIsVisible = 0;
			defaultConfigurationName = Release;
		};
/* End XCConfigurationList section */
	};
	rootObject = 7F259F29226E3097008F5FA3 /* Project object */;
}
